# This file is automatically @generated by Cargo.
# It is not intended for manual editing.
version = 4

[[package]]
name = "libxdsim"
version = "0.1.0"
source = "git+https://github.com/25cst/libxdsim#cd153a242afa82cd2a3f6ee0869a755efca10ad8"

[[package]]
name = "xdsim-dummy-bit-data"
version = "0.1.2"
source = "git+https://github.com/25cst/xdsim-dummy-bit-data#6d953416f92084f213512451454b859d0c27a5f3"
dependencies = [
 "libxdsim",
]

[[package]]
name = "xdsim-dummy-t-flip-flop-gate"
version = "0.1.1"
dependencies = [
 "libxdsim",
 "xdsim-dummy-bit-data",
]
