# This file is automatically @generated by Cargo.
# It is not intended for manual editing.
version = 4

[[package]]
name = "libxdsim"
version = "0.1.0"
source = "git+https://github.com/25cst/libxdsim#9eebb34b28b67b8e02ef290ee2ea07c3f77c0a16"

[[package]]
name = "xdsim-dummy-bit-type"
version = "0.1.0"
source = "git+https://github.com/25cst/xdsim-dummy-bit-type#47b0d25abc0119a19e640d83cb65783883349d36"
dependencies = [
 "libxdsim",
]

[[package]]
name = "xdsim-dummy-t-flip-flop-gate"
version = "0.1.0"
dependencies = [
 "libxdsim",
 "xdsim-dummy-bit-type",
]
