# This file is automatically @generated by Cargo.
# It is not intended for manual editing.
version = 4

[[package]]
name = "libxdsim"
version = "0.1.0"
source = "git+https://github.com/25cst/libxdsim#7bcf9d32990b32d6afd005a23369f533359b071b"

[[package]]
name = "xdsim-dummies-type"
version = "0.1.0"
source = "git+https://github.com/25cst/xdsim-dummies-type#3fa1e4aa9e7c95c7dd93db52e3af358921789be4"

[[package]]
name = "xdsim-dummy-t-flip-flop-gate"
version = "0.1.0"
dependencies = [
 "libxdsim",
 "xdsim-dummies-type",
]
